
Microsoft Visual Studio Solution File, Format Version 12.00
# Visual Studio Version 16
VisualStudioVersion = 16.0.31515.178
MinimumVisualStudioVersion = 10.0.40219.1
Project("{FAE04EC0-301F-11D3-BF4B-00C04F79EFBC}") = "SolutionDriver", "SolutionDriver\SolutionDriver.csproj", "{5DE4A2E3-331F-4905-84C1-A1FA9DC03796}"
EndProject
Global
	GlobalSection(SolutionConfigurationPlatforms) = preSolution
		Debug|Any CPU = Debug|Any CPU
		Release|Any CPU = Release|Any CPU
	EndGlobalSection
	GlobalSection(ProjectConfigurationPlatforms) = postSolution
		{5DE4A2E3-331F-4905-84C1-A1FA9DC03796}.Debug|Any CPU.ActiveCfg = Debug|Any CPU
		{5DE4A2E3-331F-4905-84C1-A1FA9DC03796}.Debug|Any CPU.Build.0 = Debug|Any CPU
		{5DE4A2E3-331F-4905-84C1-A1FA9DC03796}.Release|Any CPU.ActiveCfg = Release|Any CPU
		{5DE4A2E3-331F-4905-84C1-A1FA9DC03796}.Release|Any CPU.Build.0 = Release|Any CPU
	EndGlobalSection
	GlobalSection(SolutionProperties) = preSolution
		HideSolutionNode = FALSE
	EndGlobalSection
	GlobalSection(ExtensibilityGlobals) = postSolution
		SolutionGuid = {6B199F14-9B32-42EA-ACB2-A927ED6B835D}
	EndGlobalSection
EndGlobal
