
Microsoft Visual Studio Solution File, Format Version 12.00
# Visual Studio Version 16
VisualStudioVersion = 16.0.31515.178
MinimumVisualStudioVersion = 10.0.40219.1
Project("{FAE04EC0-301F-11D3-BF4B-00C04F79EFBC}") = "ProblemDriver", "ProblemDriver\ProblemDriver.csproj", "{70BC91E6-668D-44AE-B19C-DA90DE6657FD}"
EndProject
Global
	GlobalSection(SolutionConfigurationPlatforms) = preSolution
		Debug|Any CPU = Debug|Any CPU
		Release|Any CPU = Release|Any CPU
	EndGlobalSection
	GlobalSection(ProjectConfigurationPlatforms) = postSolution
		{70BC91E6-668D-44AE-B19C-DA90DE6657FD}.Debug|Any CPU.ActiveCfg = Debug|Any CPU
		{70BC91E6-668D-44AE-B19C-DA90DE6657FD}.Debug|Any CPU.Build.0 = Debug|Any CPU
		{70BC91E6-668D-44AE-B19C-DA90DE6657FD}.Release|Any CPU.ActiveCfg = Release|Any CPU
		{70BC91E6-668D-44AE-B19C-DA90DE6657FD}.Release|Any CPU.Build.0 = Release|Any CPU
	EndGlobalSection
	GlobalSection(SolutionProperties) = preSolution
		HideSolutionNode = FALSE
	EndGlobalSection
	GlobalSection(ExtensibilityGlobals) = postSolution
		SolutionGuid = {7893F478-E855-4FC0-BBB7-330CBE8B6250}
	EndGlobalSection
EndGlobal
