
Microsoft Visual Studio Solution File, Format Version 12.00
# Visual Studio Version 16
VisualStudioVersion = 16.0.31729.503
MinimumVisualStudioVersion = 10.0.40219.1
Project("{FAE04EC0-301F-11D3-BF4B-00C04F79EFBC}") = "DecodeString", "DecodeString\DecodeString.csproj", "{682F3B71-EF3A-4216-A369-F8FF01CEDFD2}"
EndProject
Global
	GlobalSection(SolutionConfigurationPlatforms) = preSolution
		Debug|Any CPU = Debug|Any CPU
		Release|Any CPU = Release|Any CPU
	EndGlobalSection
	GlobalSection(ProjectConfigurationPlatforms) = postSolution
		{682F3B71-EF3A-4216-A369-F8FF01CEDFD2}.Debug|Any CPU.ActiveCfg = Debug|Any CPU
		{682F3B71-EF3A-4216-A369-F8FF01CEDFD2}.Debug|Any CPU.Build.0 = Debug|Any CPU
		{682F3B71-EF3A-4216-A369-F8FF01CEDFD2}.Release|Any CPU.ActiveCfg = Release|Any CPU
		{682F3B71-EF3A-4216-A369-F8FF01CEDFD2}.Release|Any CPU.Build.0 = Release|Any CPU
	EndGlobalSection
	GlobalSection(SolutionProperties) = preSolution
		HideSolutionNode = FALSE
	EndGlobalSection
	GlobalSection(ExtensibilityGlobals) = postSolution
		SolutionGuid = {7A344928-431B-4308-A89A-698D633CB8B0}
	EndGlobalSection
EndGlobal
